
Microsoft Visual Studio Solution File, Format Version 12.00
# Visual Studio Version 17
VisualStudioVersion = 17.2.32630.192
MinimumVisualStudioVersion = 10.0.40219.1
Project("{8BC9CEB8-8B4A-11D0-8D11-00A0C91BC942}") = "day01", "day1\day1.vcxproj", "{2A3DF2EC-891B-4E91-99DF-83441DB19269}"
EndProject
Project("{8BC9CEB8-8B4A-11D0-8D11-00A0C91BC942}") = "day02", "day2\day2.vcxproj", "{8EF3F43C-1873-4CA6-A9EE-C49F911431C9}"
EndProject
Project("{8BC9CEB8-8B4A-11D0-8D11-00A0C91BC942}") = "day03", "day3\day3.vcxproj", "{889D9418-DDBC-47AB-8F8D-72C10083F5E4}"
EndProject
Project("{8BC9CEB8-8B4A-11D0-8D11-00A0C91BC942}") = "day04", "day4\day4.vcxproj", "{914CAE34-6596-449B-9E37-4A96B0D05FDE}"
EndProject
Project("{8BC9CEB8-8B4A-11D0-8D11-00A0C91BC942}") = "day05", "day5\day5.vcxproj", "{073496D0-F8A4-489A-A171-9CAF7F02C623}"
EndProject
Project("{8BC9CEB8-8B4A-11D0-8D11-00A0C91BC942}") = "day06", "day6\day6.vcxproj", "{B5E2572D-2E24-47EE-B49D-BF20C8B75B3A}"
EndProject
Project("{8BC9CEB8-8B4A-11D0-8D11-00A0C91BC942}") = "day07", "day7\day7.vcxproj", "{D49168BB-B1DC-48BC-9C86-65742153A1BE}"
EndProject
Project("{8BC9CEB8-8B4A-11D0-8D11-00A0C91BC942}") = "day08", "day8\day8.vcxproj", "{2EB7469A-888E-40E7-B147-4AB4E8C58ACE}"
EndProject
Project("{8BC9CEB8-8B4A-11D0-8D11-00A0C91BC942}") = "day09", "day9\day9.vcxproj", "{30A1D8DB-2388-4743-87B1-BF0C95809695}"
EndProject
Project("{8BC9CEB8-8B4A-11D0-8D11-00A0C91BC942}") = "day10", "day10\day10.vcxproj", "{DF91D198-596B-4973-AD28-7DB722BDE2C8}"
EndProject
Project("{8BC9CEB8-8B4A-11D0-8D11-00A0C91BC942}") = "day11", "day11\day11.vcxproj", "{BD8FCCE9-3FBD-4193-80F6-AF1A2E8A6FE3}"
EndProject
Project("{8BC9CEB8-8B4A-11D0-8D11-00A0C91BC942}") = "day12", "day12\day12.vcxproj", "{7DDDC775-2D0B-4C73-8385-8469D8C77A99}"
EndProject
Project("{8BC9CEB8-8B4A-11D0-8D11-00A0C91BC942}") = "sqList", "sqList\sqList.vcxproj", "{9481949D-B877-433E-B3E3-6365E74AB220}"
EndProject
Project("{8BC9CEB8-8B4A-11D0-8D11-00A0C91BC942}") = "linkList", "linkList\linkList.vcxproj", "{65E7C7A1-5717-4332-8CE8-581E109D4807}"
EndProject
Global
	GlobalSection(SolutionConfigurationPlatforms) = preSolution
		Debug|x64 = Debug|x64
		Debug|x86 = Debug|x86
		Release|x64 = Release|x64
		Release|x86 = Release|x86
	EndGlobalSection
	GlobalSection(ProjectConfigurationPlatforms) = postSolution
		{2A3DF2EC-891B-4E91-99DF-83441DB19269}.Debug|x64.ActiveCfg = Debug|x64
		{2A3DF2EC-891B-4E91-99DF-83441DB19269}.Debug|x64.Build.0 = Debug|x64
		{2A3DF2EC-891B-4E91-99DF-83441DB19269}.Debug|x86.ActiveCfg = Debug|Win32
		{2A3DF2EC-891B-4E91-99DF-83441DB19269}.Debug|x86.Build.0 = Debug|Win32
		{2A3DF2EC-891B-4E91-99DF-83441DB19269}.Release|x64.ActiveCfg = Release|x64
		{2A3DF2EC-891B-4E91-99DF-83441DB19269}.Release|x64.Build.0 = Release|x64
		{2A3DF2EC-891B-4E91-99DF-83441DB19269}.Release|x86.ActiveCfg = Release|Win32
		{2A3DF2EC-891B-4E91-99DF-83441DB19269}.Release|x86.Build.0 = Release|Win32
		{8EF3F43C-1873-4CA6-A9EE-C49F911431C9}.Debug|x64.ActiveCfg = Debug|x64
		{8EF3F43C-1873-4CA6-A9EE-C49F911431C9}.Debug|x64.Build.0 = Debug|x64
		{8EF3F43C-1873-4CA6-A9EE-C49F911431C9}.Debug|x86.ActiveCfg = Debug|Win32
		{8EF3F43C-1873-4CA6-A9EE-C49F911431C9}.Debug|x86.Build.0 = Debug|Win32
		{8EF3F43C-1873-4CA6-A9EE-C49F911431C9}.Release|x64.ActiveCfg = Release|x64
		{8EF3F43C-1873-4CA6-A9EE-C49F911431C9}.Release|x64.Build.0 = Release|x64
		{8EF3F43C-1873-4CA6-A9EE-C49F911431C9}.Release|x86.ActiveCfg = Release|Win32
		{8EF3F43C-1873-4CA6-A9EE-C49F911431C9}.Release|x86.Build.0 = Release|Win32
		{889D9418-DDBC-47AB-8F8D-72C10083F5E4}.Debug|x64.ActiveCfg = Debug|x64
		{889D9418-DDBC-47AB-8F8D-72C10083F5E4}.Debug|x64.Build.0 = Debug|x64
		{889D9418-DDBC-47AB-8F8D-72C10083F5E4}.Debug|x86.ActiveCfg = Debug|Win32
		{889D9418-DDBC-47AB-8F8D-72C10083F5E4}.Debug|x86.Build.0 = Debug|Win32
		{889D9418-DDBC-47AB-8F8D-72C10083F5E4}.Release|x64.ActiveCfg = Release|x64
		{889D9418-DDBC-47AB-8F8D-72C10083F5E4}.Release|x64.Build.0 = Release|x64
		{889D9418-DDBC-47AB-8F8D-72C10083F5E4}.Release|x86.ActiveCfg = Release|Win32
		{889D9418-DDBC-47AB-8F8D-72C10083F5E4}.Release|x86.Build.0 = Release|Win32
		{914CAE34-6596-449B-9E37-4A96B0D05FDE}.Debug|x64.ActiveCfg = Debug|x64
		{914CAE34-6596-449B-9E37-4A96B0D05FDE}.Debug|x64.Build.0 = Debug|x64
		{914CAE34-6596-449B-9E37-4A96B0D05FDE}.Debug|x86.ActiveCfg = Debug|Win32
		{914CAE34-6596-449B-9E37-4A96B0D05FDE}.Debug|x86.Build.0 = Debug|Win32
		{914CAE34-6596-449B-9E37-4A96B0D05FDE}.Release|x64.ActiveCfg = Release|x64
		{914CAE34-6596-449B-9E37-4A96B0D05FDE}.Release|x64.Build.0 = Release|x64
		{914CAE34-6596-449B-9E37-4A96B0D05FDE}.Release|x86.ActiveCfg = Release|Win32
		{914CAE34-6596-449B-9E37-4A96B0D05FDE}.Release|x86.Build.0 = Release|Win32
		{073496D0-F8A4-489A-A171-9CAF7F02C623}.Debug|x64.ActiveCfg = Debug|x64
		{073496D0-F8A4-489A-A171-9CAF7F02C623}.Debug|x64.Build.0 = Debug|x64
		{073496D0-F8A4-489A-A171-9CAF7F02C623}.Debug|x86.ActiveCfg = Debug|Win32
		{073496D0-F8A4-489A-A171-9CAF7F02C623}.Debug|x86.Build.0 = Debug|Win32
		{073496D0-F8A4-489A-A171-9CAF7F02C623}.Release|x64.ActiveCfg = Release|x64
		{073496D0-F8A4-489A-A171-9CAF7F02C623}.Release|x64.Build.0 = Release|x64
		{073496D0-F8A4-489A-A171-9CAF7F02C623}.Release|x86.ActiveCfg = Release|Win32
		{073496D0-F8A4-489A-A171-9CAF7F02C623}.Release|x86.Build.0 = Release|Win32
		{B5E2572D-2E24-47EE-B49D-BF20C8B75B3A}.Debug|x64.ActiveCfg = Debug|x64
		{B5E2572D-2E24-47EE-B49D-BF20C8B75B3A}.Debug|x64.Build.0 = Debug|x64
		{B5E2572D-2E24-47EE-B49D-BF20C8B75B3A}.Debug|x86.ActiveCfg = Debug|Win32
		{B5E2572D-2E24-47EE-B49D-BF20C8B75B3A}.Debug|x86.Build.0 = Debug|Win32
		{B5E2572D-2E24-47EE-B49D-BF20C8B75B3A}.Release|x64.ActiveCfg = Release|x64
		{B5E2572D-2E24-47EE-B49D-BF20C8B75B3A}.Release|x64.Build.0 = Release|x64
		{B5E2572D-2E24-47EE-B49D-BF20C8B75B3A}.Release|x86.ActiveCfg = Release|Win32
		{B5E2572D-2E24-47EE-B49D-BF20C8B75B3A}.Release|x86.Build.0 = Release|Win32
		{D49168BB-B1DC-48BC-9C86-65742153A1BE}.Debug|x64.ActiveCfg = Debug|x64
		{D49168BB-B1DC-48BC-9C86-65742153A1BE}.Debug|x64.Build.0 = Debug|x64
		{D49168BB-B1DC-48BC-9C86-65742153A1BE}.Debug|x86.ActiveCfg = Debug|Win32
		{D49168BB-B1DC-48BC-9C86-65742153A1BE}.Debug|x86.Build.0 = Debug|Win32
		{D49168BB-B1DC-48BC-9C86-65742153A1BE}.Release|x64.ActiveCfg = Release|x64
		{D49168BB-B1DC-48BC-9C86-65742153A1BE}.Release|x64.Build.0 = Release|x64
		{D49168BB-B1DC-48BC-9C86-65742153A1BE}.Release|x86.ActiveCfg = Release|Win32
		{D49168BB-B1DC-48BC-9C86-65742153A1BE}.Release|x86.Build.0 = Release|Win32
		{2EB7469A-888E-40E7-B147-4AB4E8C58ACE}.Debug|x64.ActiveCfg = Debug|x64
		{2EB7469A-888E-40E7-B147-4AB4E8C58ACE}.Debug|x64.Build.0 = Debug|x64
		{2EB7469A-888E-40E7-B147-4AB4E8C58ACE}.Debug|x86.ActiveCfg = Debug|Win32
		{2EB7469A-888E-40E7-B147-4AB4E8C58ACE}.Debug|x86.Build.0 = Debug|Win32
		{2EB7469A-888E-40E7-B147-4AB4E8C58ACE}.Release|x64.ActiveCfg = Release|x64
		{2EB7469A-888E-40E7-B147-4AB4E8C58ACE}.Release|x64.Build.0 = Release|x64
		{2EB7469A-888E-40E7-B147-4AB4E8C58ACE}.Release|x86.ActiveCfg = Release|Win32
		{2EB7469A-888E-40E7-B147-4AB4E8C58ACE}.Release|x86.Build.0 = Release|Win32
		{30A1D8DB-2388-4743-87B1-BF0C95809695}.Debug|x64.ActiveCfg = Debug|x64
		{30A1D8DB-2388-4743-87B1-BF0C95809695}.Debug|x64.Build.0 = Debug|x64
		{30A1D8DB-2388-4743-87B1-BF0C95809695}.Debug|x86.ActiveCfg = Debug|Win32
		{30A1D8DB-2388-4743-87B1-BF0C95809695}.Debug|x86.Build.0 = Debug|Win32
		{30A1D8DB-2388-4743-87B1-BF0C95809695}.Release|x64.ActiveCfg = Release|x64
		{30A1D8DB-2388-4743-87B1-BF0C95809695}.Release|x64.Build.0 = Release|x64
		{30A1D8DB-2388-4743-87B1-BF0C95809695}.Release|x86.ActiveCfg = Release|Win32
		{30A1D8DB-2388-4743-87B1-BF0C95809695}.Release|x86.Build.0 = Release|Win32
		{DF91D198-596B-4973-AD28-7DB722BDE2C8}.Debug|x64.ActiveCfg = Debug|x64
		{DF91D198-596B-4973-AD28-7DB722BDE2C8}.Debug|x64.Build.0 = Debug|x64
		{DF91D198-596B-4973-AD28-7DB722BDE2C8}.Debug|x86.ActiveCfg = Debug|Win32
		{DF91D198-596B-4973-AD28-7DB722BDE2C8}.Debug|x86.Build.0 = Debug|Win32
		{DF91D198-596B-4973-AD28-7DB722BDE2C8}.Release|x64.ActiveCfg = Release|x64
		{DF91D198-596B-4973-AD28-7DB722BDE2C8}.Release|x64.Build.0 = Release|x64
		{DF91D198-596B-4973-AD28-7DB722BDE2C8}.Release|x86.ActiveCfg = Release|Win32
		{DF91D198-596B-4973-AD28-7DB722BDE2C8}.Release|x86.Build.0 = Release|Win32
		{BD8FCCE9-3FBD-4193-80F6-AF1A2E8A6FE3}.Debug|x64.ActiveCfg = Debug|x64
		{BD8FCCE9-3FBD-4193-80F6-AF1A2E8A6FE3}.Debug|x64.Build.0 = Debug|x64
		{BD8FCCE9-3FBD-4193-80F6-AF1A2E8A6FE3}.Debug|x86.ActiveCfg = Debug|Win32
		{BD8FCCE9-3FBD-4193-80F6-AF1A2E8A6FE3}.Debug|x86.Build.0 = Debug|Win32
		{BD8FCCE9-3FBD-4193-80F6-AF1A2E8A6FE3}.Release|x64.ActiveCfg = Release|x64
		{BD8FCCE9-3FBD-4193-80F6-AF1A2E8A6FE3}.Release|x64.Build.0 = Release|x64
		{BD8FCCE9-3FBD-4193-80F6-AF1A2E8A6FE3}.Release|x86.ActiveCfg = Release|Win32
		{BD8FCCE9-3FBD-4193-80F6-AF1A2E8A6FE3}.Release|x86.Build.0 = Release|Win32
		{7DDDC775-2D0B-4C73-8385-8469D8C77A99}.Debug|x64.ActiveCfg = Debug|x64
		{7DDDC775-2D0B-4C73-8385-8469D8C77A99}.Debug|x64.Build.0 = Debug|x64
		{7DDDC775-2D0B-4C73-8385-8469D8C77A99}.Debug|x86.ActiveCfg = Debug|Win32
		{7DDDC775-2D0B-4C73-8385-8469D8C77A99}.Debug|x86.Build.0 = Debug|Win32
		{7DDDC775-2D0B-4C73-8385-8469D8C77A99}.Release|x64.ActiveCfg = Release|x64
		{7DDDC775-2D0B-4C73-8385-8469D8C77A99}.Release|x64.Build.0 = Release|x64
		{7DDDC775-2D0B-4C73-8385-8469D8C77A99}.Release|x86.ActiveCfg = Release|Win32
		{7DDDC775-2D0B-4C73-8385-8469D8C77A99}.Release|x86.Build.0 = Release|Win32
		{9481949D-B877-433E-B3E3-6365E74AB220}.Debug|x64.ActiveCfg = Debug|x64
		{9481949D-B877-433E-B3E3-6365E74AB220}.Debug|x64.Build.0 = Debug|x64
		{9481949D-B877-433E-B3E3-6365E74AB220}.Debug|x86.ActiveCfg = Debug|Win32
		{9481949D-B877-433E-B3E3-6365E74AB220}.Debug|x86.Build.0 = Debug|Win32
		{9481949D-B877-433E-B3E3-6365E74AB220}.Release|x64.ActiveCfg = Release|x64
		{9481949D-B877-433E-B3E3-6365E74AB220}.Release|x64.Build.0 = Release|x64
		{9481949D-B877-433E-B3E3-6365E74AB220}.Release|x86.ActiveCfg = Release|Win32
		{9481949D-B877-433E-B3E3-6365E74AB220}.Release|x86.Build.0 = Release|Win32
		{65E7C7A1-5717-4332-8CE8-581E109D4807}.Debug|x64.ActiveCfg = Debug|x64
		{65E7C7A1-5717-4332-8CE8-581E109D4807}.Debug|x64.Build.0 = Debug|x64
		{65E7C7A1-5717-4332-8CE8-581E109D4807}.Debug|x86.ActiveCfg = Debug|Win32
		{65E7C7A1-5717-4332-8CE8-581E109D4807}.Debug|x86.Build.0 = Debug|Win32
		{65E7C7A1-5717-4332-8CE8-581E109D4807}.Release|x64.ActiveCfg = Release|x64
		{65E7C7A1-5717-4332-8CE8-581E109D4807}.Release|x64.Build.0 = Release|x64
		{65E7C7A1-5717-4332-8CE8-581E109D4807}.Release|x86.ActiveCfg = Release|Win32
		{65E7C7A1-5717-4332-8CE8-581E109D4807}.Release|x86.Build.0 = Release|Win32
	EndGlobalSection
	GlobalSection(SolutionProperties) = preSolution
		HideSolutionNode = FALSE
	EndGlobalSection
	GlobalSection(ExtensibilityGlobals) = postSolution
		SolutionGuid = {FEA46033-8379-4366-AA3A-139C9B4C7E4B}
	EndGlobalSection
EndGlobal
