
Microsoft Visual Studio Solution File, Format Version 12.00
# Visual Studio Version 17
VisualStudioVersion = 17.2.32630.192
MinimumVisualStudioVersion = 10.0.40219.1
Project("{8BC9CEB8-8B4A-11D0-8D11-00A0C91BC942}") = "Project1", "Project1\Project1.vcxproj", "{9C7C9D21-D331-4684-8D56-E0DD043B1FB6}"
EndProject
Project("{8BC9CEB8-8B4A-11D0-8D11-00A0C91BC942}") = "Project2", "Project2\Project2.vcxproj", "{B4098C5D-F360-4579-9E27-EB76EFDEA8FE}"
EndProject
Project("{8BC9CEB8-8B4A-11D0-8D11-00A0C91BC942}") = "Project3", "Project3\Project3.vcxproj", "{044FADA2-3012-4804-95E2-1531E03BADB0}"
EndProject
Project("{8BC9CEB8-8B4A-11D0-8D11-00A0C91BC942}") = "Project4", "Project4\Project4.vcxproj", "{F2FD72F6-01D9-490C-81B2-17E01F7B655D}"
EndProject
Global
	GlobalSection(SolutionConfigurationPlatforms) = preSolution
		Debug|x64 = Debug|x64
		Debug|x86 = Debug|x86
		Release|x64 = Release|x64
		Release|x86 = Release|x86
	EndGlobalSection
	GlobalSection(ProjectConfigurationPlatforms) = postSolution
		{9C7C9D21-D331-4684-8D56-E0DD043B1FB6}.Debug|x64.ActiveCfg = Debug|x64
		{9C7C9D21-D331-4684-8D56-E0DD043B1FB6}.Debug|x64.Build.0 = Debug|x64
		{9C7C9D21-D331-4684-8D56-E0DD043B1FB6}.Debug|x86.ActiveCfg = Debug|Win32
		{9C7C9D21-D331-4684-8D56-E0DD043B1FB6}.Debug|x86.Build.0 = Debug|Win32
		{9C7C9D21-D331-4684-8D56-E0DD043B1FB6}.Release|x64.ActiveCfg = Release|x64
		{9C7C9D21-D331-4684-8D56-E0DD043B1FB6}.Release|x64.Build.0 = Release|x64
		{9C7C9D21-D331-4684-8D56-E0DD043B1FB6}.Release|x86.ActiveCfg = Release|Win32
		{9C7C9D21-D331-4684-8D56-E0DD043B1FB6}.Release|x86.Build.0 = Release|Win32
		{B4098C5D-F360-4579-9E27-EB76EFDEA8FE}.Debug|x64.ActiveCfg = Debug|x64
		{B4098C5D-F360-4579-9E27-EB76EFDEA8FE}.Debug|x64.Build.0 = Debug|x64
		{B4098C5D-F360-4579-9E27-EB76EFDEA8FE}.Debug|x86.ActiveCfg = Debug|Win32
		{B4098C5D-F360-4579-9E27-EB76EFDEA8FE}.Debug|x86.Build.0 = Debug|Win32
		{B4098C5D-F360-4579-9E27-EB76EFDEA8FE}.Release|x64.ActiveCfg = Release|x64
		{B4098C5D-F360-4579-9E27-EB76EFDEA8FE}.Release|x64.Build.0 = Release|x64
		{B4098C5D-F360-4579-9E27-EB76EFDEA8FE}.Release|x86.ActiveCfg = Release|Win32
		{B4098C5D-F360-4579-9E27-EB76EFDEA8FE}.Release|x86.Build.0 = Release|Win32
		{044FADA2-3012-4804-95E2-1531E03BADB0}.Debug|x64.ActiveCfg = Debug|x64
		{044FADA2-3012-4804-95E2-1531E03BADB0}.Debug|x64.Build.0 = Debug|x64
		{044FADA2-3012-4804-95E2-1531E03BADB0}.Debug|x86.ActiveCfg = Debug|Win32
		{044FADA2-3012-4804-95E2-1531E03BADB0}.Debug|x86.Build.0 = Debug|Win32
		{044FADA2-3012-4804-95E2-1531E03BADB0}.Release|x64.ActiveCfg = Release|x64
		{044FADA2-3012-4804-95E2-1531E03BADB0}.Release|x64.Build.0 = Release|x64
		{044FADA2-3012-4804-95E2-1531E03BADB0}.Release|x86.ActiveCfg = Release|Win32
		{044FADA2-3012-4804-95E2-1531E03BADB0}.Release|x86.Build.0 = Release|Win32
		{F2FD72F6-01D9-490C-81B2-17E01F7B655D}.Debug|x64.ActiveCfg = Debug|x64
		{F2FD72F6-01D9-490C-81B2-17E01F7B655D}.Debug|x64.Build.0 = Debug|x64
		{F2FD72F6-01D9-490C-81B2-17E01F7B655D}.Debug|x86.ActiveCfg = Debug|Win32
		{F2FD72F6-01D9-490C-81B2-17E01F7B655D}.Debug|x86.Build.0 = Debug|Win32
		{F2FD72F6-01D9-490C-81B2-17E01F7B655D}.Release|x64.ActiveCfg = Release|x64
		{F2FD72F6-01D9-490C-81B2-17E01F7B655D}.Release|x64.Build.0 = Release|x64
		{F2FD72F6-01D9-490C-81B2-17E01F7B655D}.Release|x86.ActiveCfg = Release|Win32
		{F2FD72F6-01D9-490C-81B2-17E01F7B655D}.Release|x86.Build.0 = Release|Win32
	EndGlobalSection
	GlobalSection(SolutionProperties) = preSolution
		HideSolutionNode = FALSE
	EndGlobalSection
	GlobalSection(ExtensibilityGlobals) = postSolution
		SolutionGuid = {5BD77DEA-B385-4EFD-BD44-949E576B4C11}
	EndGlobalSection
EndGlobal
